
Microsoft Visual Studio Solution File, Format Version 12.00
# Visual Studio Version 16
VisualStudioVersion = 16.0.29509.3
MinimumVisualStudioVersion = 10.0.40219.1
Project("{2150E333-8FDC-42A3-9474-1A3956D46DE8}") = "00-document", "00-document", "{B40C34AE-0520-4EAE-97C8-CE45A0F1E1F8}"
	ProjectSection(SolutionItems) = preProject
		build\pack.bat = build\pack.bat
		README.md = README.md
		build\version.props = build\version.props
	EndProjectSection
EndProject
Project("{2150E333-8FDC-42A3-9474-1A3956D46DE8}") = "01-src", "01-src", "{B2B65EE3-5CB3-48AC-B316-33E4E7AAF942}"
EndProject
Project("{2150E333-8FDC-42A3-9474-1A3956D46DE8}") = "02-samples", "02-samples", "{FB32239E-3E8D-4345-B0FA-E0041E2F9A29}"
EndProject
Project("{9A19103F-16F7-4668-BE54-9A1E7A4F7556}") = "Bing.Extensions.Swashbuckle", "src\Bing.Extensions.Swashbuckle\Bing.Extensions.Swashbuckle.csproj", "{5C58B759-7E92-43B3-82DD-70B4198C1F08}"
EndProject
Project("{9A19103F-16F7-4668-BE54-9A1E7A4F7556}") = "Bing.Samples.Api", "samples\Bing.Samples.Api\Bing.Samples.Api.csproj", "{11C17E3C-9BBC-44EA-A54D-1A0B9C423656}"
EndProject
Project("{9A19103F-16F7-4668-BE54-9A1E7A4F7556}") = "Bing.Samples.MultipleVersion", "samples\Bing.Samples.MultipleVersion\Bing.Samples.MultipleVersion.csproj", "{CFDE21F4-4181-44C2-AFB2-6C65429701FD}"
EndProject
Project("{9A19103F-16F7-4668-BE54-9A1E7A4F7556}") = "Bing.Samples.MultipleVersionWithGroup", "samples\Bing.Samples.MultipleVersionWithGroup\Bing.Samples.MultipleVersionWithGroup.csproj", "{44BA4957-8AD2-463C-A9D1-08A5EE319474}"
EndProject
Project("{9A19103F-16F7-4668-BE54-9A1E7A4F7556}") = "Bing.Samples.ApiGroup", "samples\Bing.Samples.ApiGroup\Bing.Samples.ApiGroup.csproj", "{B7A2A73B-89E3-443F-8B61-C4D123D21D93}"
EndProject
Project("{9A19103F-16F7-4668-BE54-9A1E7A4F7556}") = "Bing.Samples.NoApiGroup", "samples\Bing.Samples.NoApiGroup\Bing.Samples.NoApiGroup.csproj", "{697CFBF1-EA90-4A08-B0B3-DD53713ABBB1}"
EndProject
Project("{FAE04EC0-301F-11D3-BF4B-00C04F79EFBC}") = "Bing.Samples.Knife4j", "samples\Bing.Samples.Knife4j\Bing.Samples.Knife4j.csproj", "{F7750189-77A5-4901-A60E-C894B28F7603}"
EndProject
Project("{FAE04EC0-301F-11D3-BF4B-00C04F79EFBC}") = "Bing.Extensions.Swashbuckle.Knife4jUI", "src\Bing.Extensions.Swashbuckle.Knife4jUI\Bing.Extensions.Swashbuckle.Knife4jUI.csproj", "{736F151D-12F6-4371-95A5-CCAA4A53A997}"
EndProject
Global
	GlobalSection(SolutionConfigurationPlatforms) = preSolution
		Debug|Any CPU = Debug|Any CPU
		Release|Any CPU = Release|Any CPU
	EndGlobalSection
	GlobalSection(ProjectConfigurationPlatforms) = postSolution
		{5C58B759-7E92-43B3-82DD-70B4198C1F08}.Debug|Any CPU.ActiveCfg = Debug|Any CPU
		{5C58B759-7E92-43B3-82DD-70B4198C1F08}.Debug|Any CPU.Build.0 = Debug|Any CPU
		{5C58B759-7E92-43B3-82DD-70B4198C1F08}.Release|Any CPU.ActiveCfg = Release|Any CPU
		{5C58B759-7E92-43B3-82DD-70B4198C1F08}.Release|Any CPU.Build.0 = Release|Any CPU
		{11C17E3C-9BBC-44EA-A54D-1A0B9C423656}.Debug|Any CPU.ActiveCfg = Debug|Any CPU
		{11C17E3C-9BBC-44EA-A54D-1A0B9C423656}.Debug|Any CPU.Build.0 = Debug|Any CPU
		{11C17E3C-9BBC-44EA-A54D-1A0B9C423656}.Release|Any CPU.ActiveCfg = Release|Any CPU
		{11C17E3C-9BBC-44EA-A54D-1A0B9C423656}.Release|Any CPU.Build.0 = Release|Any CPU
		{CFDE21F4-4181-44C2-AFB2-6C65429701FD}.Debug|Any CPU.ActiveCfg = Debug|Any CPU
		{CFDE21F4-4181-44C2-AFB2-6C65429701FD}.Debug|Any CPU.Build.0 = Debug|Any CPU
		{CFDE21F4-4181-44C2-AFB2-6C65429701FD}.Release|Any CPU.ActiveCfg = Release|Any CPU
		{CFDE21F4-4181-44C2-AFB2-6C65429701FD}.Release|Any CPU.Build.0 = Release|Any CPU
		{44BA4957-8AD2-463C-A9D1-08A5EE319474}.Debug|Any CPU.ActiveCfg = Debug|Any CPU
		{44BA4957-8AD2-463C-A9D1-08A5EE319474}.Debug|Any CPU.Build.0 = Debug|Any CPU
		{44BA4957-8AD2-463C-A9D1-08A5EE319474}.Release|Any CPU.ActiveCfg = Release|Any CPU
		{44BA4957-8AD2-463C-A9D1-08A5EE319474}.Release|Any CPU.Build.0 = Release|Any CPU
		{B7A2A73B-89E3-443F-8B61-C4D123D21D93}.Debug|Any CPU.ActiveCfg = Debug|Any CPU
		{B7A2A73B-89E3-443F-8B61-C4D123D21D93}.Debug|Any CPU.Build.0 = Debug|Any CPU
		{B7A2A73B-89E3-443F-8B61-C4D123D21D93}.Release|Any CPU.ActiveCfg = Release|Any CPU
		{B7A2A73B-89E3-443F-8B61-C4D123D21D93}.Release|Any CPU.Build.0 = Release|Any CPU
		{697CFBF1-EA90-4A08-B0B3-DD53713ABBB1}.Debug|Any CPU.ActiveCfg = Debug|Any CPU
		{697CFBF1-EA90-4A08-B0B3-DD53713ABBB1}.Debug|Any CPU.Build.0 = Debug|Any CPU
		{697CFBF1-EA90-4A08-B0B3-DD53713ABBB1}.Release|Any CPU.ActiveCfg = Release|Any CPU
		{697CFBF1-EA90-4A08-B0B3-DD53713ABBB1}.Release|Any CPU.Build.0 = Release|Any CPU
		{F7750189-77A5-4901-A60E-C894B28F7603}.Debug|Any CPU.ActiveCfg = Debug|Any CPU
		{F7750189-77A5-4901-A60E-C894B28F7603}.Debug|Any CPU.Build.0 = Debug|Any CPU
		{F7750189-77A5-4901-A60E-C894B28F7603}.Release|Any CPU.ActiveCfg = Release|Any CPU
		{F7750189-77A5-4901-A60E-C894B28F7603}.Release|Any CPU.Build.0 = Release|Any CPU
		{736F151D-12F6-4371-95A5-CCAA4A53A997}.Debug|Any CPU.ActiveCfg = Debug|Any CPU
		{736F151D-12F6-4371-95A5-CCAA4A53A997}.Debug|Any CPU.Build.0 = Debug|Any CPU
		{736F151D-12F6-4371-95A5-CCAA4A53A997}.Release|Any CPU.ActiveCfg = Release|Any CPU
		{736F151D-12F6-4371-95A5-CCAA4A53A997}.Release|Any CPU.Build.0 = Release|Any CPU
	EndGlobalSection
	GlobalSection(SolutionProperties) = preSolution
		HideSolutionNode = FALSE
	EndGlobalSection
	GlobalSection(NestedProjects) = preSolution
		{5C58B759-7E92-43B3-82DD-70B4198C1F08} = {B2B65EE3-5CB3-48AC-B316-33E4E7AAF942}
		{11C17E3C-9BBC-44EA-A54D-1A0B9C423656} = {FB32239E-3E8D-4345-B0FA-E0041E2F9A29}
		{CFDE21F4-4181-44C2-AFB2-6C65429701FD} = {FB32239E-3E8D-4345-B0FA-E0041E2F9A29}
		{44BA4957-8AD2-463C-A9D1-08A5EE319474} = {FB32239E-3E8D-4345-B0FA-E0041E2F9A29}
		{B7A2A73B-89E3-443F-8B61-C4D123D21D93} = {FB32239E-3E8D-4345-B0FA-E0041E2F9A29}
		{697CFBF1-EA90-4A08-B0B3-DD53713ABBB1} = {FB32239E-3E8D-4345-B0FA-E0041E2F9A29}
		{F7750189-77A5-4901-A60E-C894B28F7603} = {FB32239E-3E8D-4345-B0FA-E0041E2F9A29}
		{736F151D-12F6-4371-95A5-CCAA4A53A997} = {B2B65EE3-5CB3-48AC-B316-33E4E7AAF942}
	EndGlobalSection
	GlobalSection(ExtensibilityGlobals) = postSolution
		SolutionGuid = {BD76A559-CBB4-4242-AF46-12A788F3EC89}
	EndGlobalSection
EndGlobal
